
Microsoft Visual Studio Solution File, Format Version 12.00
# Visual Studio 15
Project("{FAE04EC0-301F-11D3-BF4B-00C04F79EFBC}") = "UnityEngine.TestRunner", "UnityEngine.TestRunner.csproj", "{5D30FBF3-4974-0F64-33F4-638B8013FB04}"
EndProject
Project("{FAE04EC0-301F-11D3-BF4B-00C04F79EFBC}") = "Unity.2D.Animation.Triangle.Runtime", "Unity.2D.Animation.Triangle.Runtime.csproj", "{CC06F931-388E-96B8-EA02-73B40A27EA89}"
EndProject
Project("{FAE04EC0-301F-11D3-BF4B-00C04F79EFBC}") = "Unity.TextMeshPro", "Unity.TextMeshPro.csproj", "{8D4B0371-3691-4F6D-EF97-E12BEDEB8EAC}"
EndProject
Project("{FAE04EC0-301F-11D3-BF4B-00C04F79EFBC}") = "Unity.2D.Animation.Runtime", "Unity.2D.Animation.Runtime.csproj", "{A3B44DB0-FD81-2160-4A30-B7EC0D55436D}"
EndProject
Project("{FAE04EC0-301F-11D3-BF4B-00C04F79EFBC}") = "Unity.Timeline", "Unity.Timeline.csproj", "{B3649D26-365A-C5AA-7BD8-FDA926BD1D1F}"
EndProject
Project("{FAE04EC0-301F-11D3-BF4B-00C04F79EFBC}") = "Cinemachine", "Cinemachine.csproj", "{65B52099-0639-8C24-4003-DCF9F7C9F474}"
EndProject
Project("{FAE04EC0-301F-11D3-BF4B-00C04F79EFBC}") = "Unity.Mathematics", "Unity.Mathematics.csproj", "{AB21401C-2626-F32D-31EF-7ACFDE8060CB}"
EndProject
Project("{FAE04EC0-301F-11D3-BF4B-00C04F79EFBC}") = "Unity.2D.SpriteShape.Runtime", "Unity.2D.SpriteShape.Runtime.csproj", "{3EAC2B98-B389-6D96-0A80-21F4EBE91265}"
EndProject
Project("{FAE04EC0-301F-11D3-BF4B-00C04F79EFBC}") = "UnityEngine.Purchasing", "UnityEngine.Purchasing.csproj", "{55F64C06-D4A4-B56E-C1CC-966690D470CE}"
EndProject
Project("{FAE04EC0-301F-11D3-BF4B-00C04F79EFBC}") = "UnityEngine.Advertisements", "UnityEngine.Advertisements.csproj", "{15C6157C-14E8-5735-DB59-0781168D8316}"
EndProject
Project("{FAE04EC0-301F-11D3-BF4B-00C04F79EFBC}") = "Assembly-CSharp", "Assembly-CSharp.csproj", "{56C430A9-8C7D-06AE-B12A-73C24CE11126}"
EndProject
Project("{FAE04EC0-301F-11D3-BF4B-00C04F79EFBC}") = "Unity.Analytics.DataPrivacy", "Unity.Analytics.DataPrivacy.csproj", "{5F8E6016-3D71-1B33-D141-10658CA504CE}"
EndProject
Project("{FAE04EC0-301F-11D3-BF4B-00C04F79EFBC}") = "UnityEngine.Monetization", "UnityEngine.Monetization.csproj", "{552C7E0A-C9D7-63E1-B244-E4A1831951D5}"
EndProject
Project("{FAE04EC0-301F-11D3-BF4B-00C04F79EFBC}") = "UnityEngine.XR.LegacyInputHelpers", "UnityEngine.XR.LegacyInputHelpers.csproj", "{02E3228F-CC59-9FFD-36D7-FC592FA9E96F}"
EndProject
Project("{FAE04EC0-301F-11D3-BF4B-00C04F79EFBC}") = "UnityEngine.SpatialTracking", "UnityEngine.SpatialTracking.csproj", "{BC6E9608-0E53-B138-234F-86EDEE396E08}"
EndProject
Project("{FAE04EC0-301F-11D3-BF4B-00C04F79EFBC}") = "Unity.2D.PixelPerfect", "Unity.2D.PixelPerfect.csproj", "{56FEAB62-D60E-B0A0-7BF4-09F4469741F5}"
EndProject
Project("{FAE04EC0-301F-11D3-BF4B-00C04F79EFBC}") = "Unity.InternalAPIEngineBridge.001", "Unity.InternalAPIEngineBridge.001.csproj", "{815B90D5-4EC7-82A9-47F8-B248B3CE4460}"
EndProject
Project("{FAE04EC0-301F-11D3-BF4B-00C04F79EFBC}") = "Unity.2D.Common.Runtime", "Unity.2D.Common.Runtime.csproj", "{E6C2A64F-6450-AC93-BDD8-F355A2A1E03F}"
EndProject
Project("{FAE04EC0-301F-11D3-BF4B-00C04F79EFBC}") = "UnityEditor.TestRunner", "UnityEditor.TestRunner.csproj", "{2C14249C-F5C3-40AF-9C3A-1FD8ADFEE91A}"
EndProject
Project("{FAE04EC0-301F-11D3-BF4B-00C04F79EFBC}") = "Unity.TextMeshPro.Editor", "Unity.TextMeshPro.Editor.csproj", "{2B8E4A16-8D8A-01E9-899D-DA013D8B8DCB}"
EndProject
Project("{FAE04EC0-301F-11D3-BF4B-00C04F79EFBC}") = "Unity.Timeline.Editor", "Unity.Timeline.Editor.csproj", "{1B694C8A-E4F1-F887-AF1A-04DF4C11B15D}"
EndProject
Project("{FAE04EC0-301F-11D3-BF4B-00C04F79EFBC}") = "Unity.CollabProxy.Editor", "Unity.CollabProxy.Editor.csproj", "{79A9C765-14BD-784D-4D9F-D71CB41467F2}"
EndProject
Project("{FAE04EC0-301F-11D3-BF4B-00C04F79EFBC}") = "Unity.2D.Animation.Editor", "Unity.2D.Animation.Editor.csproj", "{90AF62F6-3324-FE4E-71AC-FE3E9DBD0865}"
EndProject
Project("{FAE04EC0-301F-11D3-BF4B-00C04F79EFBC}") = "Unity.2D.Path.Editor", "Unity.2D.Path.Editor.csproj", "{B921B224-7375-5471-B33B-B54DBAE134C2}"
EndProject
Project("{FAE04EC0-301F-11D3-BF4B-00C04F79EFBC}") = "com.unity.cinemachine.editor", "com.unity.cinemachine.editor.csproj", "{BF70F1D6-2D06-6D48-9662-684764CCDE78}"
EndProject
Project("{FAE04EC0-301F-11D3-BF4B-00C04F79EFBC}") = "Unity.Rider.Editor", "Unity.Rider.Editor.csproj", "{49C5CA31-8E50-A7B9-21BC-EB76021CE73C}"
EndProject
Project("{FAE04EC0-301F-11D3-BF4B-00C04F79EFBC}") = "Unity.VisualStudio.Editor", "Unity.VisualStudio.Editor.csproj", "{E2E24DD2-3DC4-E5E9-D41C-18A7EF10A1E4}"
EndProject
Project("{FAE04EC0-301F-11D3-BF4B-00C04F79EFBC}") = "UnityEngine.Advertisements.Editor", "UnityEngine.Advertisements.Editor.csproj", "{0ADD9AE1-F1D8-F691-A9D4-EA79F02ED9E1}"
EndProject
Project("{FAE04EC0-301F-11D3-BF4B-00C04F79EFBC}") = "Unity.2D.SpriteShape.Editor", "Unity.2D.SpriteShape.Editor.csproj", "{B54F77F6-4B6D-DB5C-DB04-7E18D27051E1}"
EndProject
Project("{FAE04EC0-301F-11D3-BF4B-00C04F79EFBC}") = "UnityEditor.XR.LegacyInputHelpers", "UnityEditor.XR.LegacyInputHelpers.csproj", "{C6F791C6-8918-2CB7-FCEC-34A7DFCD86E8}"
EndProject
Project("{FAE04EC0-301F-11D3-BF4B-00C04F79EFBC}") = "PsdPlugin", "PsdPlugin.csproj", "{5A4A7A25-86C4-451D-E149-EE5C3951AFFB}"
EndProject
Project("{FAE04EC0-301F-11D3-BF4B-00C04F79EFBC}") = "Unity.2D.Common.Editor", "Unity.2D.Common.Editor.csproj", "{C5A73A45-AC2E-6C6E-8608-7F9782DD4FD6}"
EndProject
Project("{FAE04EC0-301F-11D3-BF4B-00C04F79EFBC}") = "Unity.VSCode.Editor", "Unity.VSCode.Editor.csproj", "{EB6BCADA-D606-2E3A-682F-21B3B8C0DF03}"
EndProject
Project("{FAE04EC0-301F-11D3-BF4B-00C04F79EFBC}") = "UnityEditor.Purchasing", "UnityEditor.Purchasing.csproj", "{26E9F61B-012C-73A2-A88B-7BB26CB54EC8}"
EndProject
Project("{FAE04EC0-301F-11D3-BF4B-00C04F79EFBC}") = "Unity.2D.Psdimporter.Editor", "Unity.2D.Psdimporter.Editor.csproj", "{DA7EB731-A6B3-35D3-D157-1C146F3BFC3C}"
EndProject
Project("{FAE04EC0-301F-11D3-BF4B-00C04F79EFBC}") = "Unity.2D.PixelPerfect.Editor", "Unity.2D.PixelPerfect.Editor.csproj", "{38A3AC19-5685-AA6A-5200-2575A9EB4BAD}"
EndProject
Project("{FAE04EC0-301F-11D3-BF4B-00C04F79EFBC}") = "Unity.Mathematics.Editor", "Unity.Mathematics.Editor.csproj", "{498670AC-8E8D-EF31-3467-32904AE83DCD}"
EndProject
Project("{FAE04EC0-301F-11D3-BF4B-00C04F79EFBC}") = "Unity.InternalAPIEditorBridge.001", "Unity.InternalAPIEditorBridge.001.csproj", "{2E6A9F93-A863-BB5B-5B1E-93299EB8F12C}"
EndProject
Project("{FAE04EC0-301F-11D3-BF4B-00C04F79EFBC}") = "UnityEditor.SpatialTracking", "UnityEditor.SpatialTracking.csproj", "{3A06E75C-3AF9-595E-5021-D90ECEF2CA6A}"
EndProject
Global
	GlobalSection(SolutionConfigurationPlatforms) = preSolution
		Debug|Any CPU = Debug|Any CPU
		Release|Any CPU = Release|Any CPU
	EndGlobalSection
	GlobalSection(ProjectConfigurationPlatforms) = postSolution
		{5D30FBF3-4974-0F64-33F4-638B8013FB04}.Debug|Any CPU.ActiveCfg = Debug|Any CPU
		{5D30FBF3-4974-0F64-33F4-638B8013FB04}.Debug|Any CPU.Build.0 = Debug|Any CPU
		{5D30FBF3-4974-0F64-33F4-638B8013FB04}.Release|Any CPU.ActiveCfg = Release|Any CPU
		{5D30FBF3-4974-0F64-33F4-638B8013FB04}.Release|Any CPU.Build.0 = Release|Any CPU
		{CC06F931-388E-96B8-EA02-73B40A27EA89}.Debug|Any CPU.ActiveCfg = Debug|Any CPU
		{CC06F931-388E-96B8-EA02-73B40A27EA89}.Debug|Any CPU.Build.0 = Debug|Any CPU
		{CC06F931-388E-96B8-EA02-73B40A27EA89}.Release|Any CPU.ActiveCfg = Release|Any CPU
		{CC06F931-388E-96B8-EA02-73B40A27EA89}.Release|Any CPU.Build.0 = Release|Any CPU
		{8D4B0371-3691-4F6D-EF97-E12BEDEB8EAC}.Debug|Any CPU.ActiveCfg = Debug|Any CPU
		{8D4B0371-3691-4F6D-EF97-E12BEDEB8EAC}.Debug|Any CPU.Build.0 = Debug|Any CPU
		{8D4B0371-3691-4F6D-EF97-E12BEDEB8EAC}.Release|Any CPU.ActiveCfg = Release|Any CPU
		{8D4B0371-3691-4F6D-EF97-E12BEDEB8EAC}.Release|Any CPU.Build.0 = Release|Any CPU
		{A3B44DB0-FD81-2160-4A30-B7EC0D55436D}.Debug|Any CPU.ActiveCfg = Debug|Any CPU
		{A3B44DB0-FD81-2160-4A30-B7EC0D55436D}.Debug|Any CPU.Build.0 = Debug|Any CPU
		{A3B44DB0-FD81-2160-4A30-B7EC0D55436D}.Release|Any CPU.ActiveCfg = Release|Any CPU
		{A3B44DB0-FD81-2160-4A30-B7EC0D55436D}.Release|Any CPU.Build.0 = Release|Any CPU
		{B3649D26-365A-C5AA-7BD8-FDA926BD1D1F}.Debug|Any CPU.ActiveCfg = Debug|Any CPU
		{B3649D26-365A-C5AA-7BD8-FDA926BD1D1F}.Debug|Any CPU.Build.0 = Debug|Any CPU
		{B3649D26-365A-C5AA-7BD8-FDA926BD1D1F}.Release|Any CPU.ActiveCfg = Release|Any CPU
		{B3649D26-365A-C5AA-7BD8-FDA926BD1D1F}.Release|Any CPU.Build.0 = Release|Any CPU
		{65B52099-0639-8C24-4003-DCF9F7C9F474}.Debug|Any CPU.ActiveCfg = Debug|Any CPU
		{65B52099-0639-8C24-4003-DCF9F7C9F474}.Debug|Any CPU.Build.0 = Debug|Any CPU
		{65B52099-0639-8C24-4003-DCF9F7C9F474}.Release|Any CPU.ActiveCfg = Release|Any CPU
		{65B52099-0639-8C24-4003-DCF9F7C9F474}.Release|Any CPU.Build.0 = Release|Any CPU
		{AB21401C-2626-F32D-31EF-7ACFDE8060CB}.Debug|Any CPU.ActiveCfg = Debug|Any CPU
		{AB21401C-2626-F32D-31EF-7ACFDE8060CB}.Debug|Any CPU.Build.0 = Debug|Any CPU
		{AB21401C-2626-F32D-31EF-7ACFDE8060CB}.Release|Any CPU.ActiveCfg = Release|Any CPU
		{AB21401C-2626-F32D-31EF-7ACFDE8060CB}.Release|Any CPU.Build.0 = Release|Any CPU
		{3EAC2B98-B389-6D96-0A80-21F4EBE91265}.Debug|Any CPU.ActiveCfg = Debug|Any CPU
		{3EAC2B98-B389-6D96-0A80-21F4EBE91265}.Debug|Any CPU.Build.0 = Debug|Any CPU
		{3EAC2B98-B389-6D96-0A80-21F4EBE91265}.Release|Any CPU.ActiveCfg = Release|Any CPU
		{3EAC2B98-B389-6D96-0A80-21F4EBE91265}.Release|Any CPU.Build.0 = Release|Any CPU
		{55F64C06-D4A4-B56E-C1CC-966690D470CE}.Debug|Any CPU.ActiveCfg = Debug|Any CPU
		{55F64C06-D4A4-B56E-C1CC-966690D470CE}.Debug|Any CPU.Build.0 = Debug|Any CPU
		{55F64C06-D4A4-B56E-C1CC-966690D470CE}.Release|Any CPU.ActiveCfg = Release|Any CPU
		{55F64C06-D4A4-B56E-C1CC-966690D470CE}.Release|Any CPU.Build.0 = Release|Any CPU
		{15C6157C-14E8-5735-DB59-0781168D8316}.Debug|Any CPU.ActiveCfg = Debug|Any CPU
		{15C6157C-14E8-5735-DB59-0781168D8316}.Debug|Any CPU.Build.0 = Debug|Any CPU
		{15C6157C-14E8-5735-DB59-0781168D8316}.Release|Any CPU.ActiveCfg = Release|Any CPU
		{15C6157C-14E8-5735-DB59-0781168D8316}.Release|Any CPU.Build.0 = Release|Any CPU
		{56C430A9-8C7D-06AE-B12A-73C24CE11126}.Debug|Any CPU.ActiveCfg = Debug|Any CPU
		{56C430A9-8C7D-06AE-B12A-73C24CE11126}.Debug|Any CPU.Build.0 = Debug|Any CPU
		{56C430A9-8C7D-06AE-B12A-73C24CE11126}.Release|Any CPU.ActiveCfg = Release|Any CPU
		{56C430A9-8C7D-06AE-B12A-73C24CE11126}.Release|Any CPU.Build.0 = Release|Any CPU
		{5F8E6016-3D71-1B33-D141-10658CA504CE}.Debug|Any CPU.ActiveCfg = Debug|Any CPU
		{5F8E6016-3D71-1B33-D141-10658CA504CE}.Debug|Any CPU.Build.0 = Debug|Any CPU
		{5F8E6016-3D71-1B33-D141-10658CA504CE}.Release|Any CPU.ActiveCfg = Release|Any CPU
		{5F8E6016-3D71-1B33-D141-10658CA504CE}.Release|Any CPU.Build.0 = Release|Any CPU
		{552C7E0A-C9D7-63E1-B244-E4A1831951D5}.Debug|Any CPU.ActiveCfg = Debug|Any CPU
		{552C7E0A-C9D7-63E1-B244-E4A1831951D5}.Debug|Any CPU.Build.0 = Debug|Any CPU
		{552C7E0A-C9D7-63E1-B244-E4A1831951D5}.Release|Any CPU.ActiveCfg = Release|Any CPU
		{552C7E0A-C9D7-63E1-B244-E4A1831951D5}.Release|Any CPU.Build.0 = Release|Any CPU
		{02E3228F-CC59-9FFD-36D7-FC592FA9E96F}.Debug|Any CPU.ActiveCfg = Debug|Any CPU
		{02E3228F-CC59-9FFD-36D7-FC592FA9E96F}.Debug|Any CPU.Build.0 = Debug|Any CPU
		{02E3228F-CC59-9FFD-36D7-FC592FA9E96F}.Release|Any CPU.ActiveCfg = Release|Any CPU
		{02E3228F-CC59-9FFD-36D7-FC592FA9E96F}.Release|Any CPU.Build.0 = Release|Any CPU
		{BC6E9608-0E53-B138-234F-86EDEE396E08}.Debug|Any CPU.ActiveCfg = Debug|Any CPU
		{BC6E9608-0E53-B138-234F-86EDEE396E08}.Debug|Any CPU.Build.0 = Debug|Any CPU
		{BC6E9608-0E53-B138-234F-86EDEE396E08}.Release|Any CPU.ActiveCfg = Release|Any CPU
		{BC6E9608-0E53-B138-234F-86EDEE396E08}.Release|Any CPU.Build.0 = Release|Any CPU
		{56FEAB62-D60E-B0A0-7BF4-09F4469741F5}.Debug|Any CPU.ActiveCfg = Debug|Any CPU
		{56FEAB62-D60E-B0A0-7BF4-09F4469741F5}.Debug|Any CPU.Build.0 = Debug|Any CPU
		{56FEAB62-D60E-B0A0-7BF4-09F4469741F5}.Release|Any CPU.ActiveCfg = Release|Any CPU
		{56FEAB62-D60E-B0A0-7BF4-09F4469741F5}.Release|Any CPU.Build.0 = Release|Any CPU
		{815B90D5-4EC7-82A9-47F8-B248B3CE4460}.Debug|Any CPU.ActiveCfg = Debug|Any CPU
		{815B90D5-4EC7-82A9-47F8-B248B3CE4460}.Debug|Any CPU.Build.0 = Debug|Any CPU
		{815B90D5-4EC7-82A9-47F8-B248B3CE4460}.Release|Any CPU.ActiveCfg = Release|Any CPU
		{815B90D5-4EC7-82A9-47F8-B248B3CE4460}.Release|Any CPU.Build.0 = Release|Any CPU
		{E6C2A64F-6450-AC93-BDD8-F355A2A1E03F}.Debug|Any CPU.ActiveCfg = Debug|Any CPU
		{E6C2A64F-6450-AC93-BDD8-F355A2A1E03F}.Debug|Any CPU.Build.0 = Debug|Any CPU
		{E6C2A64F-6450-AC93-BDD8-F355A2A1E03F}.Release|Any CPU.ActiveCfg = Release|Any CPU
		{E6C2A64F-6450-AC93-BDD8-F355A2A1E03F}.Release|Any CPU.Build.0 = Release|Any CPU
		{2C14249C-F5C3-40AF-9C3A-1FD8ADFEE91A}.Debug|Any CPU.ActiveCfg = Debug|Any CPU
		{2C14249C-F5C3-40AF-9C3A-1FD8ADFEE91A}.Debug|Any CPU.Build.0 = Debug|Any CPU
		{2C14249C-F5C3-40AF-9C3A-1FD8ADFEE91A}.Release|Any CPU.ActiveCfg = Release|Any CPU
		{2C14249C-F5C3-40AF-9C3A-1FD8ADFEE91A}.Release|Any CPU.Build.0 = Release|Any CPU
		{2B8E4A16-8D8A-01E9-899D-DA013D8B8DCB}.Debug|Any CPU.ActiveCfg = Debug|Any CPU
		{2B8E4A16-8D8A-01E9-899D-DA013D8B8DCB}.Debug|Any CPU.Build.0 = Debug|Any CPU
		{2B8E4A16-8D8A-01E9-899D-DA013D8B8DCB}.Release|Any CPU.ActiveCfg = Release|Any CPU
		{2B8E4A16-8D8A-01E9-899D-DA013D8B8DCB}.Release|Any CPU.Build.0 = Release|Any CPU
		{1B694C8A-E4F1-F887-AF1A-04DF4C11B15D}.Debug|Any CPU.ActiveCfg = Debug|Any CPU
		{1B694C8A-E4F1-F887-AF1A-04DF4C11B15D}.Debug|Any CPU.Build.0 = Debug|Any CPU
		{1B694C8A-E4F1-F887-AF1A-04DF4C11B15D}.Release|Any CPU.ActiveCfg = Release|Any CPU
		{1B694C8A-E4F1-F887-AF1A-04DF4C11B15D}.Release|Any CPU.Build.0 = Release|Any CPU
		{79A9C765-14BD-784D-4D9F-D71CB41467F2}.Debug|Any CPU.ActiveCfg = Debug|Any CPU
		{79A9C765-14BD-784D-4D9F-D71CB41467F2}.Debug|Any CPU.Build.0 = Debug|Any CPU
		{79A9C765-14BD-784D-4D9F-D71CB41467F2}.Release|Any CPU.ActiveCfg = Release|Any CPU
		{79A9C765-14BD-784D-4D9F-D71CB41467F2}.Release|Any CPU.Build.0 = Release|Any CPU
		{90AF62F6-3324-FE4E-71AC-FE3E9DBD0865}.Debug|Any CPU.ActiveCfg = Debug|Any CPU
		{90AF62F6-3324-FE4E-71AC-FE3E9DBD0865}.Debug|Any CPU.Build.0 = Debug|Any CPU
		{90AF62F6-3324-FE4E-71AC-FE3E9DBD0865}.Release|Any CPU.ActiveCfg = Release|Any CPU
		{90AF62F6-3324-FE4E-71AC-FE3E9DBD0865}.Release|Any CPU.Build.0 = Release|Any CPU
		{B921B224-7375-5471-B33B-B54DBAE134C2}.Debug|Any CPU.ActiveCfg = Debug|Any CPU
		{B921B224-7375-5471-B33B-B54DBAE134C2}.Debug|Any CPU.Build.0 = Debug|Any CPU
		{B921B224-7375-5471-B33B-B54DBAE134C2}.Release|Any CPU.ActiveCfg = Release|Any CPU
		{B921B224-7375-5471-B33B-B54DBAE134C2}.Release|Any CPU.Build.0 = Release|Any CPU
		{BF70F1D6-2D06-6D48-9662-684764CCDE78}.Debug|Any CPU.ActiveCfg = Debug|Any CPU
		{BF70F1D6-2D06-6D48-9662-684764CCDE78}.Debug|Any CPU.Build.0 = Debug|Any CPU
		{BF70F1D6-2D06-6D48-9662-684764CCDE78}.Release|Any CPU.ActiveCfg = Release|Any CPU
		{BF70F1D6-2D06-6D48-9662-684764CCDE78}.Release|Any CPU.Build.0 = Release|Any CPU
		{49C5CA31-8E50-A7B9-21BC-EB76021CE73C}.Debug|Any CPU.ActiveCfg = Debug|Any CPU
		{49C5CA31-8E50-A7B9-21BC-EB76021CE73C}.Debug|Any CPU.Build.0 = Debug|Any CPU
		{49C5CA31-8E50-A7B9-21BC-EB76021CE73C}.Release|Any CPU.ActiveCfg = Release|Any CPU
		{49C5CA31-8E50-A7B9-21BC-EB76021CE73C}.Release|Any CPU.Build.0 = Release|Any CPU
		{E2E24DD2-3DC4-E5E9-D41C-18A7EF10A1E4}.Debug|Any CPU.ActiveCfg = Debug|Any CPU
		{E2E24DD2-3DC4-E5E9-D41C-18A7EF10A1E4}.Debug|Any CPU.Build.0 = Debug|Any CPU
		{E2E24DD2-3DC4-E5E9-D41C-18A7EF10A1E4}.Release|Any CPU.ActiveCfg = Release|Any CPU
		{E2E24DD2-3DC4-E5E9-D41C-18A7EF10A1E4}.Release|Any CPU.Build.0 = Release|Any CPU
		{0ADD9AE1-F1D8-F691-A9D4-EA79F02ED9E1}.Debug|Any CPU.ActiveCfg = Debug|Any CPU
		{0ADD9AE1-F1D8-F691-A9D4-EA79F02ED9E1}.Debug|Any CPU.Build.0 = Debug|Any CPU
		{0ADD9AE1-F1D8-F691-A9D4-EA79F02ED9E1}.Release|Any CPU.ActiveCfg = Release|Any CPU
		{0ADD9AE1-F1D8-F691-A9D4-EA79F02ED9E1}.Release|Any CPU.Build.0 = Release|Any CPU
		{B54F77F6-4B6D-DB5C-DB04-7E18D27051E1}.Debug|Any CPU.ActiveCfg = Debug|Any CPU
		{B54F77F6-4B6D-DB5C-DB04-7E18D27051E1}.Debug|Any CPU.Build.0 = Debug|Any CPU
		{B54F77F6-4B6D-DB5C-DB04-7E18D27051E1}.Release|Any CPU.ActiveCfg = Release|Any CPU
		{B54F77F6-4B6D-DB5C-DB04-7E18D27051E1}.Release|Any CPU.Build.0 = Release|Any CPU
		{C6F791C6-8918-2CB7-FCEC-34A7DFCD86E8}.Debug|Any CPU.ActiveCfg = Debug|Any CPU
		{C6F791C6-8918-2CB7-FCEC-34A7DFCD86E8}.Debug|Any CPU.Build.0 = Debug|Any CPU
		{C6F791C6-8918-2CB7-FCEC-34A7DFCD86E8}.Release|Any CPU.ActiveCfg = Release|Any CPU
		{C6F791C6-8918-2CB7-FCEC-34A7DFCD86E8}.Release|Any CPU.Build.0 = Release|Any CPU
		{5A4A7A25-86C4-451D-E149-EE5C3951AFFB}.Debug|Any CPU.ActiveCfg = Debug|Any CPU
		{5A4A7A25-86C4-451D-E149-EE5C3951AFFB}.Debug|Any CPU.Build.0 = Debug|Any CPU
		{5A4A7A25-86C4-451D-E149-EE5C3951AFFB}.Release|Any CPU.ActiveCfg = Release|Any CPU
		{5A4A7A25-86C4-451D-E149-EE5C3951AFFB}.Release|Any CPU.Build.0 = Release|Any CPU
		{C5A73A45-AC2E-6C6E-8608-7F9782DD4FD6}.Debug|Any CPU.ActiveCfg = Debug|Any CPU
		{C5A73A45-AC2E-6C6E-8608-7F9782DD4FD6}.Debug|Any CPU.Build.0 = Debug|Any CPU
		{C5A73A45-AC2E-6C6E-8608-7F9782DD4FD6}.Release|Any CPU.ActiveCfg = Release|Any CPU
		{C5A73A45-AC2E-6C6E-8608-7F9782DD4FD6}.Release|Any CPU.Build.0 = Release|Any CPU
		{EB6BCADA-D606-2E3A-682F-21B3B8C0DF03}.Debug|Any CPU.ActiveCfg = Debug|Any CPU
		{EB6BCADA-D606-2E3A-682F-21B3B8C0DF03}.Debug|Any CPU.Build.0 = Debug|Any CPU
		{EB6BCADA-D606-2E3A-682F-21B3B8C0DF03}.Release|Any CPU.ActiveCfg = Release|Any CPU
		{EB6BCADA-D606-2E3A-682F-21B3B8C0DF03}.Release|Any CPU.Build.0 = Release|Any CPU
		{26E9F61B-012C-73A2-A88B-7BB26CB54EC8}.Debug|Any CPU.ActiveCfg = Debug|Any CPU
		{26E9F61B-012C-73A2-A88B-7BB26CB54EC8}.Debug|Any CPU.Build.0 = Debug|Any CPU
		{26E9F61B-012C-73A2-A88B-7BB26CB54EC8}.Release|Any CPU.ActiveCfg = Release|Any CPU
		{26E9F61B-012C-73A2-A88B-7BB26CB54EC8}.Release|Any CPU.Build.0 = Release|Any CPU
		{DA7EB731-A6B3-35D3-D157-1C146F3BFC3C}.Debug|Any CPU.ActiveCfg = Debug|Any CPU
		{DA7EB731-A6B3-35D3-D157-1C146F3BFC3C}.Debug|Any CPU.Build.0 = Debug|Any CPU
		{DA7EB731-A6B3-35D3-D157-1C146F3BFC3C}.Release|Any CPU.ActiveCfg = Release|Any CPU
		{DA7EB731-A6B3-35D3-D157-1C146F3BFC3C}.Release|Any CPU.Build.0 = Release|Any CPU
		{38A3AC19-5685-AA6A-5200-2575A9EB4BAD}.Debug|Any CPU.ActiveCfg = Debug|Any CPU
		{38A3AC19-5685-AA6A-5200-2575A9EB4BAD}.Debug|Any CPU.Build.0 = Debug|Any CPU
		{38A3AC19-5685-AA6A-5200-2575A9EB4BAD}.Release|Any CPU.ActiveCfg = Release|Any CPU
		{38A3AC19-5685-AA6A-5200-2575A9EB4BAD}.Release|Any CPU.Build.0 = Release|Any CPU
		{498670AC-8E8D-EF31-3467-32904AE83DCD}.Debug|Any CPU.ActiveCfg = Debug|Any CPU
		{498670AC-8E8D-EF31-3467-32904AE83DCD}.Debug|Any CPU.Build.0 = Debug|Any CPU
		{498670AC-8E8D-EF31-3467-32904AE83DCD}.Release|Any CPU.ActiveCfg = Release|Any CPU
		{498670AC-8E8D-EF31-3467-32904AE83DCD}.Release|Any CPU.Build.0 = Release|Any CPU
		{2E6A9F93-A863-BB5B-5B1E-93299EB8F12C}.Debug|Any CPU.ActiveCfg = Debug|Any CPU
		{2E6A9F93-A863-BB5B-5B1E-93299EB8F12C}.Debug|Any CPU.Build.0 = Debug|Any CPU
		{2E6A9F93-A863-BB5B-5B1E-93299EB8F12C}.Release|Any CPU.ActiveCfg = Release|Any CPU
		{2E6A9F93-A863-BB5B-5B1E-93299EB8F12C}.Release|Any CPU.Build.0 = Release|Any CPU
		{3A06E75C-3AF9-595E-5021-D90ECEF2CA6A}.Debug|Any CPU.ActiveCfg = Debug|Any CPU
		{3A06E75C-3AF9-595E-5021-D90ECEF2CA6A}.Debug|Any CPU.Build.0 = Debug|Any CPU
		{3A06E75C-3AF9-595E-5021-D90ECEF2CA6A}.Release|Any CPU.ActiveCfg = Release|Any CPU
		{3A06E75C-3AF9-595E-5021-D90ECEF2CA6A}.Release|Any CPU.Build.0 = Release|Any CPU
	EndGlobalSection
	GlobalSection(SolutionProperties) = preSolution
		HideSolutionNode = FALSE
	EndGlobalSection
EndGlobal
